github.com/davecgh/go-spew v1.1.1 h1:vj9j/u1bqnvCEfJOwUhtlOARqs3+rkHYY13jYWTU97c=
github.com/google/go-cmp v0.5.4/go.mod h1:v8dTdLbMG2kIc/vJvl+f65V22dbkXbowE6jgT/gNBxE=
github.com/google/go-cmp v0.5.8 h1:e6P7q2lk1O+qJJb4BtCQXlK8vWEO8V1ZeuEdJNOqZyg=
github.com/mitchellh/mapstructure v1.5.0 h1:jeMsZIYE/09sWLaz43PL7Gy6RuMjD2eJVyuac5Z2hdY=
github.com/mitchellh/mapstructure v1.5.0/go.mod h1:bFUtVrKA4DC2yAKiSyO/QUcy7e+RRV2QTWOzhPopBRo=
github.com/pmezard/go-difflib v1.0.0 h1:4DBwDE0NGyQoBHbLQYPwSUPoCMWR5BEzIk/f1lZbAQM=
github.com/psanford/memfs v0.0.0-20210214183328-a001468d78ef h1:NKxTG6GVGbfMXc2mIk+KphcH6hagbVXhcFkbTgYleTI=
github.com/psanford/memfs v0.0.0-20210214183328-a001468d78ef/go.mod h1:tcaRap0jS3eifrEEllL6ZMd9dg8IlDpi2S1oARrQ+NI=
github.com/schmidtw/goschtalt v0.0.0-20220830070704-ca2a1bdbb759 h1:5zEOcNCuVmmjDSiyB05aaSqrReDTj8ILo9+AOqguTv8=
github.com/schmidtw/goschtalt v0.0.0-20220830070704-ca2a1bdbb759/go.mod h1:/jJ55lsCbS7H/nDX0iafxvtXV2qjrp1puhQPa1w9pLk=
github.com/schmidtw/goschtalt/extensions/cli/simple v0.0.0-20220830065735-81b361b6fd9e h1:IiZ2dfWrrFFVd7SNd6fLm372vygyxkIo/db3aTP8lEg=
github.com/schmidtw/goschtalt/extensions/cli/simple v0.0.0-20220830065735-81b361b6fd9e/go.mod h1:xtCHoOjC+yuIXfUqZS9eLacom/q0HfQIFxR2VLYjm5Y=
github.com/schmidtw/goschtalt/extensions/decoders/cli v0.0.0-20220830070704-ca2a1bdbb759 h1:R1Ntd/6A5lFJ4ogl4oTdUfaaLuQ4OLtMftLRcKF8d/o=
github.com/schmidtw/goschtalt/extensions/decoders/cli v0.0.0-20220830070704-ca2a1bdbb759/go.mod h1:BNLxzRJMlzNjTtgAomCjjv9kePJWprz8McBjKDVaD4w=
github.com/schmidtw/goschtalt/extensions/decoders/env v0.0.0-20220830070704-ca2a1bdbb759 h1:/DTG4D6c+zjf8LsBgF1qIJs/nbn96m67x4yFw3b/R/I=
github.com/schmidtw/goschtalt/extensions/decoders/env v0.0.0-20220830070704-ca2a1bdbb759/go.mod h1:U1Giez7HRwFylii4oWlJdb/Y3EHyZEXtab/pM8eV+38=
github.com/schmidtw/goschtalt/extensions/decoders/yaml v0.0.0-20220830070704-ca2a1bdbb759 h1:8iRqlr49fnOoxDB4X7mWZGgdowOezpBh6/KyPoxl1d8=
github.com/schmidtw/goschtalt/extensions/decoders/yaml v0.0.0-20220830070704-ca2a1bdbb759/go.mod h1:n4FFj/rT/iMYC1LLvm9+vrUo55rNQ/OnMv75jp/bFlg=
github.com/schmidtw/goschtalt/extensions/encoders/yaml v0.0.0-20220830070704-ca2a1bdbb759 h1:Mzzln7mbxVuW9kj1LuTCc5xSCkDkGlOEJ9QFDTlPA8w=
github.com/schmidtw/goschtalt/extensions/encoders/yaml v0.0.0-20220830070704-ca2a1bdbb759/go.mod h1:rDaf7XEukPk2Huq8MBe38Pj57NkyIn4CF7+Hr4zgoRs=
github.com/stretchr/testify v1.8.0 h1:pSgiaMZlXftHpm5L7V1+rVB+AZJydKsMxsQBIJw4PKk=
golang.org/x/xerrors v0.0.0-20191204190536-9bdfabe68543/go.mod h1:I/5z698sn9Ka8TeJc9MKroUUfqBBauWjQqLJ2OPfmY0=
gonum.org/v1/gonum v0.11.0 h1:f1IJhK4Km5tBJmaiJXtk/PkL4cdVX6J+tGiM187uT5E=
gopkg.in/check.v1 v0.0.0-20161208181325-20d25e280405 h1:yhCVgyC4o1eVCa2tZl7eS0r+SDo693bJlVdllGtEeKM=
gopkg.in/check.v1 v0.0.0-20161208181325-20d25e280405/go.mod h1:Co6ibVJAznAaIkqp8huTwlJQCZ016jof/cbN4VW5Yz0=
gopkg.in/yaml.v3 v3.0.1 h1:fxVm/GzAzEWqLHuvctI91KS9hhNmmWOoWu0XTYJS7CA=
gopkg.in/yaml.v3 v3.0.1/go.mod h1:K4uyk7z7BCEPqu6E+C64Yfv1cQ7kz7rIZviUmN+EgEM=
